{
  "version": 4,
  "terraform_version": "1.3.0",
  "serial": 18,
  "lineage": "fbb57e7d-57df-31ce-9cf5-ee0d2bb11b05",
  "outputs": {},
  "resources": [
    {
      "module": "module.bastion",
      "mode": "managed",
      "type": "google_compute_address",
      "name": "address",
      "provider": "provider[\"registry.terraform.io/hashicorp/google\"]",
      "instances": [
        {
          "schema_version": 0,
          "attributes": {
            "address": "34.28.159.182",
            "address_type": "EXTERNAL",
            "creation_timestamp": "2022-10-31T14:39:34.812-07:00",
            "description": "",
            "id": "projects/mostafa-ashour-project/regions/us-central1/addresses/address",
            "name": "address",
            "network": "",
            "network_tier": "PREMIUM",
            "prefix_length": 0,
            "project": "mostafa-ashour-project",
            "purpose": "",
            "region": "us-central1",
            "self_link": "https://www.googleapis.com/compute/v1/projects/mostafa-ashour-project/regions/us-central1/addresses/address",
            "subnetwork": "",
            "timeouts": null,
            "users": []
          },
          "sensitive_attributes": [],
          "private": "eyJlMmJmYjczMC1lY2FhLTExZTYtOGY4OC0zNDM2M2JjN2M0YzAiOnsiY3JlYXRlIjoxMjAwMDAwMDAwMDAwLCJkZWxldGUiOjEyMDAwMDAwMDAwMDB9fQ==",
          "dependencies": [
            "module.google_networks.google_compute_network.main",
            "module.google_networks.google_compute_subnetwork.management-subnetwork"
          ]
        }
      ]
    },
    {
      "module": "module.bastion",
      "mode": "managed",
      "type": "google_compute_instance",
      "name": "bastion",
      "provider": "provider[\"registry.terraform.io/hashicorp/google\"]",
      "instances": [
        {
          "schema_version": 6,
          "attributes": {
            "advanced_machine_features": [],
            "allow_stopping_for_update": null,
            "attached_disk": [],
            "boot_disk": [
              {
                "auto_delete": true,
                "device_name": "persistent-disk-0",
                "disk_encryption_key_raw": "",
                "disk_encryption_key_sha256": "",
                "initialize_params": [
                  {
                    "image": "https://www.googleapis.com/compute/v1/projects/debian-cloud/global/images/debian-11-bullseye-v20220920",
                    "labels": {},
                    "size": 10,
                    "type": "pd-standard"
                  }
                ],
                "kms_key_self_link": "",
                "mode": "READ_WRITE",
                "source": "https://www.googleapis.com/compute/v1/projects/mostafa-ashour-project/zones/us-central1-a/disks/app-cluster"
              }
            ],
            "can_ip_forward": false,
            "confidential_instance_config": [],
            "cpu_platform": "Intel Broadwell",
            "current_status": "RUNNING",
            "deletion_protection": false,
            "description": "",
            "desired_status": null,
            "enable_display": false,
            "guest_accelerator": [],
            "hostname": "",
            "id": "projects/mostafa-ashour-project/zones/us-central1-a/instances/app-cluster",
            "instance_id": "9170745019782266488",
            "label_fingerprint": "42WmSpB8rSM=",
            "labels": null,
            "machine_type": "e2-medium",
            "metadata": null,
            "metadata_fingerprint": "q__12zziLrQ=",
            "metadata_startup_script": null,
            "min_cpu_platform": "",
            "name": "app-cluster",
            "network_interface": [
              {
                "access_config": [],
                "alias_ip_range": [],
                "ipv6_access_config": [],
                "ipv6_access_type": "",
                "name": "nic0",
                "network": "https://www.googleapis.com/compute/v1/projects/mostafa-ashour-project/global/networks/kubernetes-cluster",
                "network_ip": "10.2.0.2",
                "nic_type": "",
                "queue_count": 0,
                "stack_type": "IPV4_ONLY",
                "subnetwork": "https://www.googleapis.com/compute/v1/projects/mostafa-ashour-project/regions/us-central1/subnetworks/management-subnetwork",
                "subnetwork_project": "mostafa-ashour-project"
              }
            ],
            "project": "mostafa-ashour-project",
            "reservation_affinity": [],
            "resource_policies": null,
            "scheduling": [
              {
                "automatic_restart": true,
                "instance_termination_action": "",
                "min_node_cpus": 0,
                "node_affinities": [],
                "on_host_maintenance": "MIGRATE",
                "preemptible": false,
                "provisioning_model": "STANDARD"
              }
            ],
            "scratch_disk": [],
            "self_link": "https://www.googleapis.com/compute/v1/projects/mostafa-ashour-project/zones/us-central1-a/instances/app-cluster",
            "service_account": [
              {
                "email": "serviceaccountidforvms2@mostafa-ashour-project.iam.gserviceaccount.com",
                "scopes": [
                  "https://www.googleapis.com/auth/cloud-platform"
                ]
              }
            ],
            "shielded_instance_config": [
              {
                "enable_integrity_monitoring": true,
                "enable_secure_boot": false,
                "enable_vtpm": true
              }
            ],
            "tags": null,
            "tags_fingerprint": "42WmSpB8rSM=",
            "timeouts": null,
            "zone": "us-central1-a"
          },
          "sensitive_attributes": [],
          "private": "eyJlMmJmYjczMC1lY2FhLTExZTYtOGY4OC0zNDM2M2JjN2M0YzAiOnsiY3JlYXRlIjoxMjAwMDAwMDAwMDAwLCJkZWxldGUiOjEyMDAwMDAwMDAwMDAsInVwZGF0ZSI6MTIwMDAwMDAwMDAwMH0sInNjaGVtYV92ZXJzaW9uIjoiNiJ9",
          "dependencies": [
            "module.bastion.google_service_account.vms",
            "module.google_networks.google_compute_network.main",
            "module.google_networks.google_compute_subnetwork.management-subnetwork"
          ]
        }
      ]
    },
    {
      "module": "module.bastion",
      "mode": "managed",
      "type": "google_project_iam_binding",
      "name": "admin-account-iam",
      "provider": "provider[\"registry.terraform.io/hashicorp/google\"]",
      "instances": [
        {
          "schema_version": 0,
          "attributes": {
            "condition": [],
            "etag": "BwXsW2/G4iM=",
            "id": "mostafa-ashour-project/roles/container.admin",
            "members": [
              "serviceAccount:serviceaccountidforvms2@mostafa-ashour-project.iam.gserviceaccount.com"
            ],
            "project": "mostafa-ashour-project",
            "role": "roles/container.admin"
          },
          "sensitive_attributes": [],
          "private": "bnVsbA==",
          "dependencies": [
            "module.bastion.google_service_account.vms"
          ]
        }
      ]
    },
    {
      "module": "module.bastion",
      "mode": "managed",
      "type": "google_project_service",
      "name": "compute",
      "provider": "provider[\"registry.terraform.io/hashicorp/google\"]",
      "instances": [
        {
          "schema_version": 0,
          "attributes": {
            "disable_dependent_services": null,
            "disable_on_destroy": true,
            "id": "mostafa-ashour-project/compute.googleapis.com",
            "project": "mostafa-ashour-project",
            "service": "compute.googleapis.com",
            "timeouts": null
          },
          "sensitive_attributes": [],
          "private": "eyJlMmJmYjczMC1lY2FhLTExZTYtOGY4OC0zNDM2M2JjN2M0YzAiOnsiY3JlYXRlIjoxMjAwMDAwMDAwMDAwLCJkZWxldGUiOjEyMDAwMDAwMDAwMDAsInJlYWQiOjYwMDAwMDAwMDAwMCwidXBkYXRlIjoxMjAwMDAwMDAwMDAwfX0="
        }
      ]
    },
    {
      "module": "module.bastion",
      "mode": "managed",
      "type": "google_service_account",
      "name": "vms",
      "provider": "provider[\"registry.terraform.io/hashicorp/google\"]",
      "instances": [
        {
          "schema_version": 0,
          "attributes": {
            "account_id": "serviceaccountidforvms2",
            "description": "",
            "disabled": false,
            "display_name": "Service Account",
            "email": "serviceaccountidforvms2@mostafa-ashour-project.iam.gserviceaccount.com",
            "id": "projects/mostafa-ashour-project/serviceAccounts/serviceaccountidforvms2@mostafa-ashour-project.iam.gserviceaccount.com",
            "member": "serviceAccount:serviceaccountidforvms2@mostafa-ashour-project.iam.gserviceaccount.com",
            "name": "projects/mostafa-ashour-project/serviceAccounts/serviceaccountidforvms2@mostafa-ashour-project.iam.gserviceaccount.com",
            "project": "mostafa-ashour-project",
            "timeouts": null,
            "unique_id": "111537020319809191344"
          },
          "sensitive_attributes": [],
          "private": "eyJlMmJmYjczMC1lY2FhLTExZTYtOGY4OC0zNDM2M2JjN2M0YzAiOnsiY3JlYXRlIjozMDAwMDAwMDAwMDB9fQ=="
        }
      ]
    },
    {
      "module": "module.google_kubernetes_cluster",
      "mode": "managed",
      "type": "google_container_cluster",
      "name": "primary",
      "provider": "provider[\"registry.terraform.io/hashicorp/google\"]",
      "instances": [
        {
          "schema_version": 1,
          "attributes": {
            "addons_config": [
              {
                "cloudrun_config": [],
                "dns_cache_config": [],
                "gce_persistent_disk_csi_driver_config": [
                  {
                    "enabled": true
                  }
                ],
                "gcp_filestore_csi_driver_config": [],
                "horizontal_pod_autoscaling": [
                  {
                    "disabled": false
                  }
                ],
                "http_load_balancing": [
                  {
                    "disabled": true
                  }
                ],
                "network_policy_config": [
                  {
                    "disabled": true
                  }
                ]
              }
            ],
            "authenticator_groups_config": [],
            "binary_authorization": [
              {
                "enabled": false,
                "evaluation_mode": ""
              }
            ],
            "cluster_autoscaling": [
              {
                "auto_provisioning_defaults": [],
                "enabled": false,
                "resource_limits": []
              }
            ],
            "cluster_ipv4_cidr": "10.48.0.0/14",
            "confidential_nodes": [],
            "cost_management_config": [],
            "database_encryption": [
              {
                "key_name": "",
                "state": "DECRYPTED"
              }
            ],
            "datapath_provider": "",
            "default_max_pods_per_node": 110,
            "default_snat_status": [
              {
                "disabled": false
              }
            ],
            "description": "",
            "dns_config": [],
            "enable_autopilot": false,
            "enable_binary_authorization": false,
            "enable_intranode_visibility": false,
            "enable_kubernetes_alpha": false,
            "enable_legacy_abac": false,
            "enable_shielded_nodes": true,
            "enable_tpu": false,
            "endpoint": "35.224.32.45",
            "id": "projects/mostafa-ashour-project/locations/us-central1-a/clusters/primary",
            "initial_node_count": 1,
            "ip_allocation_policy": [
              {
                "cluster_ipv4_cidr_block": "10.48.0.0/14",
                "cluster_secondary_range_name": "k8s-pod-range",
                "services_ipv4_cidr_block": "10.52.0.0/20",
                "services_secondary_range_name": "k8s-service-range"
              }
            ],
            "label_fingerprint": "a9dc16a7",
            "location": "us-central1-a",
            "logging_config": [
              {
                "enable_components": [
                  "SYSTEM_COMPONENTS",
                  "WORKLOADS"
                ]
              }
            ],
            "logging_service": "logging.googleapis.com/kubernetes",
            "maintenance_policy": [],
            "master_auth": [
              {
                "client_certificate": "",
                "client_certificate_config": [
                  {
                    "issue_client_certificate": false
                  }
                ],
                "client_key": "",
                "cluster_ca_certificate": "LS0tLS1CRUdJTiBDRVJUSUZJQ0FURS0tLS0tCk1JSUVMRENDQXBTZ0F3SUJBZ0lRWDFiek96anB1aTdOZTEyV0dNVDJ4REFOQmdrcWhraUc5dzBCQVFzRkFEQXYKTVMwd0t3WURWUVFERXlReVpEZGpOV1l3WXkxaU5qY3hMVFF3WkRndFlXSTBOUzFpWWpFME5XSmpZMkZtTmpjdwpJQmNOTWpJeE1ETXhNakF6T1RRMldoZ1BNakExTWpFd01qTXlNVE01TkRaYU1DOHhMVEFyQmdOVkJBTVRKREprCk4yTTFaakJqTFdJMk56RXROREJrT0MxaFlqUTFMV0ppTVRRMVltTmpZV1kyTnpDQ0FhSXdEUVlKS29aSWh2Y04KQVFFQkJRQURnZ0dQQURDQ0FZb0NnZ0dCQUw5d05VVVUyd1Y1Umxtd1FRSFhmVk1NVE14U1VLeURvV052Z29Xdgo1V0tXWmJGMERRdU5xcHB0OFJ4Q3BMWTB2VWdrZUJudEppMjZxOEI1MFBBNDVjeHg3UTYyODVpckM5U09TZWdrCnVTNTB0Qmh4ZEpTZTltRW0rcEZtME9CNnM4ak1YZDRXNjdzRk56aHo3UFNTRVdsNU5NT21mK2VkRFVSNnpDc3kKSVFmekJYMzlRdXpQcnJtQ1JRalBZS2lvbVVFbllkL21abS9QU0IzbUdTTU9FN1FsZURoNC9LZ082cFZ6dlBtVAo5L1NJOXhITjF3amhwY2VTOHdzem12eE9ib2JQY3k5Um50eXoyWE44MWVRa01TbGJpMEdWak5yNUJnVXB0amJiClVkMGtnTU5FNHczbHJwVEwzKzNVZVBuWEl6QXdTNmg1S3RSMlVoYzlPQVVWVEtqRTYzUmJ2YWY2RE4rNWJxZGoKcWRBdXphNjlhQmNML3NkeFd0RWlITEVZUFlHOUswbEh3Z3JnMjRGNnZ2WWl6aGUrOXY2ck1tSDFDYnRDZnRoWQp2cFF1MVEyRkVud2c0M25LN1UzUUpvRUJ6NVFhOHlMajVMS290d0I2UkZhUVVtcEhTTHIwSzRXY3VJMHk0TWF6CmdxTG1UalFmNXJqekdDN0tUUFhHRExFV3FRSURBUUFCbzBJd1FEQU9CZ05WSFE4QkFmOEVCQU1DQWdRd0R3WUQKVlIwVEFRSC9CQVV3QXdFQi96QWRCZ05WSFE0RUZnUVVPQmF2Z2ZlTVd6Q3NFT0FTeEZMRTlYU2JsazR3RFFZSgpLb1pJaHZjTkFRRUxCUUFEZ2dHQkFJS3ZHQ1FaMUg4Z2N5cWhzaVE5VEN0cTNRSjBUV2M5MS9EeDl4bEc2dWxrCk43aHNYOEo3TW1OMU82ZkJTbWs0VUNINUt0KzFOYm0xRzhDL3RNUC9IQkNYTXVGYkhWa0hTQWJERWNIZEEvUy8KaE5ZeXltNUY4VGVlZkFDUythQXQ0SS9jMVNWOWd2UTJDWU9OaU14NCtib3JFUEx3RTNKYlpKSkNDbGhGMGFaUwp3ek02TmFHL1ZZeDhpaGR4SGxxRG1KY2NwNHJHZEFjSnpZVU41eWo4ekFLOUJNWGJycGE0TjhUNVJyNXc2Uk5QCjNJcWdpcnlyLzNhQU5OTkY2cUtwb1F4QTFuYm5TVHJwWk5hUjh3UGM3SDlnWHZ4Slg3YVNKSHVzWFJnc0kxeWwKSkpjOGVNSndYdmtQUTdVekJmRVRGUDVkTHVFYUZPdFo1NGJjZThJUU1jakRTQ2lqdzFxSDkrV1EvdWZrRHM1dQpRTzFIK1hweVl5MmZxZ0MydFJxalRVa1lRZ0JSN0RRc0doOVFxVWR6TkNzcDEyQ3AvdXlZTVFpRmRiUkxxQnNFClpZSHFJT0R4YTBHTVZKM2ROUms0bnZhUGpJUFJIWXJSMjgxUHFldXZzY3dOUFhiNHcxSjRlUEFMczhZVExrMEcKajR2R1BoMTIrU0tRMktJWEFPY1JlQT09Ci0tLS0tRU5EIENFUlRJRklDQVRFLS0tLS0K"
              }
            ],
            "master_authorized_networks_config": [],
            "master_version": "1.22.12-gke.1200",
            "mesh_certificates": [],
            "min_master_version": null,
            "monitoring_config": [
              {
                "enable_components": [
                  "SYSTEM_COMPONENTS"
                ]
              }
            ],
            "monitoring_service": "monitoring.googleapis.com/kubernetes",
            "name": "primary",
            "network": "projects/mostafa-ashour-project/global/networks/kubernetes-cluster",
            "network_policy": [
              {
                "enabled": false,
                "provider": "PROVIDER_UNSPECIFIED"
              }
            ],
            "networking_mode": "VPC_NATIVE",
            "node_config": [],
            "node_locations": [],
            "node_pool": [],
            "node_version": "1.22.12-gke.1200",
            "notification_config": [
              {
                "pubsub": [
                  {
                    "enabled": false,
                    "filter": [],
                    "topic": ""
                  }
                ]
              }
            ],
            "operation": null,
            "private_cluster_config": [
              {
                "enable_private_endpoint": false,
                "enable_private_nodes": true,
                "master_global_access_config": [
                  {
                    "enabled": false
                  }
                ],
                "master_ipv4_cidr_block": "172.16.0.0/28",
                "peering_name": "gke-nb649ed12971d5df277f-d8e2-4102-peer",
                "private_endpoint": "172.16.0.2",
                "public_endpoint": "35.224.32.45"
              }
            ],
            "private_ipv6_google_access": "",
            "project": "mostafa-ashour-project",
            "release_channel": [
              {
                "channel": "STABLE"
              }
            ],
            "remove_default_node_pool": true,
            "resource_labels": null,
            "resource_usage_export_config": [],
            "self_link": "https://container.googleapis.com/v1/projects/mostafa-ashour-project/zones/us-central1-a/clusters/primary",
            "service_external_ips_config": [
              {
                "enabled": false
              }
            ],
            "services_ipv4_cidr": "10.52.0.0/20",
            "subnetwork": "projects/mostafa-ashour-project/regions/us-central1/subnetworks/restricted-subnet",
            "timeouts": null,
            "tpu_ipv4_cidr_block": "",
            "vertical_pod_autoscaling": [],
            "workload_identity_config": [
              {
                "workload_pool": "mostafa-ashour-project.svc.id.goog"
              }
            ]
          },
          "sensitive_attributes": [],
          "private": "eyJlMmJmYjczMC1lY2FhLTExZTYtOGY4OC0zNDM2M2JjN2M0YzAiOnsiY3JlYXRlIjoyNDAwMDAwMDAwMDAwLCJkZWxldGUiOjI0MDAwMDAwMDAwMDAsInJlYWQiOjI0MDAwMDAwMDAwMDAsInVwZGF0ZSI6MzYwMDAwMDAwMDAwMH0sInNjaGVtYV92ZXJzaW9uIjoiMSJ9",
          "dependencies": [
            "module.google_networks.google_compute_network.main",
            "module.google_networks.google_compute_subnetwork.private"
          ]
        }
      ]
    },
    {
      "module": "module.google_kubernetes_cluster",
      "mode": "managed",
      "type": "google_container_node_pool",
      "name": "general",
      "provider": "provider[\"registry.terraform.io/hashicorp/google\"]",
      "instances": [
        {
          "schema_version": 1,
          "attributes": {
            "autoscaling": [
              {
                "location_policy": "",
                "max_node_count": 1,
                "min_node_count": 1,
                "total_max_node_count": 0,
                "total_min_node_count": 0
              }
            ],
            "cluster": "primary",
            "id": "projects/mostafa-ashour-project/locations/us-central1-a/clusters/primary/nodePools/general",
            "initial_node_count": 1,
            "instance_group_urls": [
              "https://www.googleapis.com/compute/v1/projects/mostafa-ashour-project/zones/us-central1-a/instanceGroupManagers/gke-primary-general-b19b3b8b-grp"
            ],
            "location": "us-central1-a",
            "managed_instance_group_urls": [
              "https://www.googleapis.com/compute/v1/projects/mostafa-ashour-project/zones/us-central1-a/instanceGroups/gke-primary-general-b19b3b8b-grp"
            ],
            "management": [
              {
                "auto_repair": true,
                "auto_upgrade": true
              }
            ],
            "max_pods_per_node": 110,
            "name": "general",
            "name_prefix": "",
            "node_config": [
              {
                "boot_disk_kms_key": "",
                "disk_size_gb": 10,
                "disk_type": "pd-standard",
                "gcfs_config": [],
                "guest_accelerator": [],
                "gvnic": [],
                "image_type": "COS_CONTAINERD",
                "labels": {
                  "role": "general"
                },
                "local_ssd_count": 0,
                "machine_type": "e2-medium",
                "metadata": {
                  "disable-legacy-endpoints": "true"
                },
                "min_cpu_platform": "",
                "node_group": "",
                "oauth_scopes": [
                  "https://www.googleapis.com/auth/devstorage.read_only",
                  "https://www.googleapis.com/auth/logging.write",
                  "https://www.googleapis.com/auth/monitoring",
                  "https://www.googleapis.com/auth/service.management.readonly",
                  "https://www.googleapis.com/auth/servicecontrol",
                  "https://www.googleapis.com/auth/trace.append"
                ],
                "preemptible": true,
                "reservation_affinity": [],
                "service_account": "kubernetes@mostafa-ashour-project.iam.gserviceaccount.com",
                "shielded_instance_config": [
                  {
                    "enable_integrity_monitoring": true,
                    "enable_secure_boot": false
                  }
                ],
                "spot": false,
                "tags": null,
                "taint": [],
                "workload_metadata_config": [
                  {
                    "mode": "GKE_METADATA"
                  }
                ]
              }
            ],
            "node_count": 1,
            "node_locations": [
              "us-central1-a"
            ],
            "operation": null,
            "project": "mostafa-ashour-project",
            "timeouts": null,
            "upgrade_settings": [
              {
                "max_surge": 1,
                "max_unavailable": 1
              }
            ],
            "version": "1.22.12-gke.1200"
          },
          "sensitive_attributes": [],
          "private": "eyJlMmJmYjczMC1lY2FhLTExZTYtOGY4OC0zNDM2M2JjN2M0YzAiOnsiY3JlYXRlIjoxODAwMDAwMDAwMDAwLCJkZWxldGUiOjE4MDAwMDAwMDAwMDAsInVwZGF0ZSI6MTgwMDAwMDAwMDAwMH0sInNjaGVtYV92ZXJzaW9uIjoiMSJ9",
          "dependencies": [
            "module.google_kubernetes_cluster.google_container_cluster.primary",
            "module.google_kubernetes_cluster.google_service_account.kubernetes",
            "module.google_networks.google_compute_network.main",
            "module.google_networks.google_compute_subnetwork.private"
          ]
        }
      ]
    },
    {
      "module": "module.google_kubernetes_cluster",
      "mode": "managed",
      "type": "google_container_node_pool",
      "name": "spot",
      "provider": "provider[\"registry.terraform.io/hashicorp/google\"]",
      "instances": [
        {
          "schema_version": 1,
          "attributes": {
            "autoscaling": [
              {
                "location_policy": "",
                "max_node_count": 10,
                "min_node_count": 0,
                "total_max_node_count": 0,
                "total_min_node_count": 0
              }
            ],
            "cluster": "projects/mostafa-ashour-project/locations/us-central1-a/clusters/primary",
            "id": "projects/mostafa-ashour-project/locations/us-central1-a/clusters/primary/nodePools/spot",
            "initial_node_count": 0,
            "instance_group_urls": [
              "https://www.googleapis.com/compute/v1/projects/mostafa-ashour-project/zones/us-central1-a/instanceGroupManagers/gke-primary-spot-2a3c1e83-grp"
            ],
            "location": "us-central1-a",
            "managed_instance_group_urls": [
              "https://www.googleapis.com/compute/v1/projects/mostafa-ashour-project/zones/us-central1-a/instanceGroups/gke-primary-spot-2a3c1e83-grp"
            ],
            "management": [
              {
                "auto_repair": true,
                "auto_upgrade": true
              }
            ],
            "max_pods_per_node": 110,
            "name": "spot",
            "name_prefix": "",
            "node_config": [
              {
                "boot_disk_kms_key": "",
                "disk_size_gb": 100,
                "disk_type": "pd-standard",
                "gcfs_config": [],
                "guest_accelerator": [],
                "gvnic": [],
                "image_type": "COS_CONTAINERD",
                "labels": {},
                "local_ssd_count": 0,
                "machine_type": "e2-small",
                "metadata": {
                  "disable-legacy-endpoints": "true"
                },
                "min_cpu_platform": "",
                "node_group": "",
                "oauth_scopes": [
                  "https://www.googleapis.com/auth/cloud-platform"
                ],
                "preemptible": true,
                "reservation_affinity": [],
                "service_account": "kubernetes@mostafa-ashour-project.iam.gserviceaccount.com",
                "shielded_instance_config": [
                  {
                    "enable_integrity_monitoring": true,
                    "enable_secure_boot": false
                  }
                ],
                "spot": false,
                "tags": null,
                "taint": [],
                "workload_metadata_config": [
                  {
                    "mode": "GKE_METADATA"
                  }
                ]
              }
            ],
            "node_count": 1,
            "node_locations": [
              "us-central1-a"
            ],
            "operation": null,
            "project": "mostafa-ashour-project",
            "timeouts": null,
            "upgrade_settings": [
              {
                "max_surge": 1,
                "max_unavailable": 0
              }
            ],
            "version": "1.22.12-gke.1200"
          },
          "sensitive_attributes": [],
          "private": "eyJlMmJmYjczMC1lY2FhLTExZTYtOGY4OC0zNDM2M2JjN2M0YzAiOnsiY3JlYXRlIjoxODAwMDAwMDAwMDAwLCJkZWxldGUiOjE4MDAwMDAwMDAwMDAsInVwZGF0ZSI6MTgwMDAwMDAwMDAwMH0sInNjaGVtYV92ZXJzaW9uIjoiMSJ9",
          "dependencies": [
            "module.google_kubernetes_cluster.google_container_cluster.primary",
            "module.google_kubernetes_cluster.google_service_account.kubernetes",
            "module.google_networks.google_compute_network.main",
            "module.google_networks.google_compute_subnetwork.private"
          ]
        }
      ]
    },
    {
      "module": "module.google_kubernetes_cluster",
      "mode": "managed",
      "type": "google_project_iam_binding",
      "name": "admin-account-iam",
      "provider": "provider[\"registry.terraform.io/hashicorp/google\"]",
      "instances": [
        {
          "schema_version": 0,
          "attributes": {
            "condition": [],
            "etag": "BwXsW2/G4iM=",
            "id": "mostafa-ashour-project/roles/storage.objectViewer",
            "members": [
              "serviceAccount:kubernetes@mostafa-ashour-project.iam.gserviceaccount.com"
            ],
            "project": "mostafa-ashour-project",
            "role": "roles/storage.objectViewer"
          },
          "sensitive_attributes": [],
          "private": "bnVsbA==",
          "dependencies": [
            "module.google_kubernetes_cluster.google_service_account.kubernetes"
          ]
        }
      ]
    },
    {
      "module": "module.google_kubernetes_cluster",
      "mode": "managed",
      "type": "google_service_account",
      "name": "kubernetes",
      "provider": "provider[\"registry.terraform.io/hashicorp/google\"]",
      "instances": [
        {
          "schema_version": 0,
          "attributes": {
            "account_id": "kubernetes",
            "description": "",
            "disabled": false,
            "display_name": "",
            "email": "kubernetes@mostafa-ashour-project.iam.gserviceaccount.com",
            "id": "projects/mostafa-ashour-project/serviceAccounts/kubernetes@mostafa-ashour-project.iam.gserviceaccount.com",
            "member": "serviceAccount:kubernetes@mostafa-ashour-project.iam.gserviceaccount.com",
            "name": "projects/mostafa-ashour-project/serviceAccounts/kubernetes@mostafa-ashour-project.iam.gserviceaccount.com",
            "project": "mostafa-ashour-project",
            "timeouts": null,
            "unique_id": "108347449572931972166"
          },
          "sensitive_attributes": [],
          "private": "eyJlMmJmYjczMC1lY2FhLTExZTYtOGY4OC0zNDM2M2JjN2M0YzAiOnsiY3JlYXRlIjozMDAwMDAwMDAwMDB9fQ=="
        }
      ]
    },
    {
      "module": "module.google_networks",
      "mode": "managed",
      "type": "google_compute_firewall",
      "name": "allow-ssh",
      "provider": "provider[\"registry.terraform.io/hashicorp/google\"]",
      "instances": [
        {
          "schema_version": 1,
          "attributes": {
            "allow": [
              {
                "ports": [
                  "22"
                ],
                "protocol": "tcp"
              }
            ],
            "creation_timestamp": "2022-10-31T14:39:22.729-07:00",
            "deny": [],
            "description": "",
            "destination_ranges": [],
            "direction": "INGRESS",
            "disabled": false,
            "enable_logging": null,
            "id": "projects/mostafa-ashour-project/global/firewalls/allow-ssh",
            "log_config": [],
            "name": "allow-ssh",
            "network": "https://www.googleapis.com/compute/v1/projects/mostafa-ashour-project/global/networks/kubernetes-cluster",
            "priority": 1000,
            "project": "mostafa-ashour-project",
            "self_link": "https://www.googleapis.com/compute/v1/projects/mostafa-ashour-project/global/firewalls/allow-ssh",
            "source_ranges": [
              "0.0.0.0/0"
            ],
            "source_service_accounts": null,
            "source_tags": null,
            "target_service_accounts": null,
            "target_tags": null,
            "timeouts": null
          },
          "sensitive_attributes": [],
          "private": "eyJlMmJmYjczMC1lY2FhLTExZTYtOGY4OC0zNDM2M2JjN2M0YzAiOnsiY3JlYXRlIjoxMjAwMDAwMDAwMDAwLCJkZWxldGUiOjEyMDAwMDAwMDAwMDAsInVwZGF0ZSI6MTIwMDAwMDAwMDAwMH0sInNjaGVtYV92ZXJzaW9uIjoiMSJ9",
          "dependencies": [
            "module.google_networks.google_compute_network.main"
          ]
        }
      ]
    },
    {
      "module": "module.google_networks",
      "mode": "managed",
      "type": "google_compute_network",
      "name": "main",
      "provider": "provider[\"registry.terraform.io/hashicorp/google\"]",
      "instances": [
        {
          "schema_version": 0,
          "attributes": {
            "auto_create_subnetworks": false,
            "delete_default_routes_on_create": true,
            "description": "",
            "enable_ula_internal_ipv6": false,
            "gateway_ipv4": "",
            "id": "projects/mostafa-ashour-project/global/networks/kubernetes-cluster",
            "internal_ipv6_range": "",
            "mtu": 0,
            "name": "kubernetes-cluster",
            "project": "mostafa-ashour-project",
            "routing_mode": "GLOBAL",
            "self_link": "https://www.googleapis.com/compute/v1/projects/mostafa-ashour-project/global/networks/kubernetes-cluster",
            "timeouts": null
          },
          "sensitive_attributes": [],
          "private": "eyJlMmJmYjczMC1lY2FhLTExZTYtOGY4OC0zNDM2M2JjN2M0YzAiOnsiY3JlYXRlIjoxMjAwMDAwMDAwMDAwLCJkZWxldGUiOjEyMDAwMDAwMDAwMDAsInVwZGF0ZSI6MTIwMDAwMDAwMDAwMH19"
        }
      ]
    },
    {
      "module": "module.google_networks",
      "mode": "managed",
      "type": "google_compute_route",
      "name": "egress_internet",
      "provider": "provider[\"registry.terraform.io/hashicorp/google\"]",
      "instances": [
        {
          "schema_version": 0,
          "attributes": {
            "description": "",
            "dest_range": "0.0.0.0/0",
            "id": "projects/mostafa-ashour-project/global/routes/egress-internet",
            "name": "egress-internet",
            "network": "https://www.googleapis.com/compute/v1/projects/mostafa-ashour-project/global/networks/kubernetes-cluster",
            "next_hop_gateway": "https://www.googleapis.com/compute/v1/projects/mostafa-ashour-project/global/gateways/default-internet-gateway",
            "next_hop_ilb": "",
            "next_hop_instance": "",
            "next_hop_instance_zone": null,
            "next_hop_ip": "",
            "next_hop_network": "",
            "next_hop_vpn_tunnel": "",
            "priority": 1000,
            "project": "mostafa-ashour-project",
            "self_link": "https://www.googleapis.com/compute/v1/projects/mostafa-ashour-project/global/routes/egress-internet",
            "tags": null,
            "timeouts": null
          },
          "sensitive_attributes": [],
          "private": "eyJlMmJmYjczMC1lY2FhLTExZTYtOGY4OC0zNDM2M2JjN2M0YzAiOnsiY3JlYXRlIjoxMjAwMDAwMDAwMDAwLCJkZWxldGUiOjEyMDAwMDAwMDAwMDB9fQ==",
          "dependencies": [
            "module.google_networks.google_compute_network.main"
          ]
        }
      ]
    },
    {
      "module": "module.google_networks",
      "mode": "managed",
      "type": "google_compute_router",
      "name": "router",
      "provider": "provider[\"registry.terraform.io/hashicorp/google\"]",
      "instances": [
        {
          "schema_version": 0,
          "attributes": {
            "bgp": [],
            "creation_timestamp": "2022-10-31T14:39:34.707-07:00",
            "description": "",
            "encrypted_interconnect_router": false,
            "id": "projects/mostafa-ashour-project/regions/us-central1/routers/router",
            "name": "router",
            "network": "https://www.googleapis.com/compute/v1/projects/mostafa-ashour-project/global/networks/kubernetes-cluster",
            "project": "mostafa-ashour-project",
            "region": "us-central1",
            "self_link": "https://www.googleapis.com/compute/v1/projects/mostafa-ashour-project/regions/us-central1/routers/router",
            "timeouts": null
          },
          "sensitive_attributes": [],
          "private": "eyJlMmJmYjczMC1lY2FhLTExZTYtOGY4OC0zNDM2M2JjN2M0YzAiOnsiY3JlYXRlIjoxMjAwMDAwMDAwMDAwLCJkZWxldGUiOjEyMDAwMDAwMDAwMDAsInVwZGF0ZSI6MTIwMDAwMDAwMDAwMH19",
          "dependencies": [
            "module.google_networks.google_compute_network.main",
            "module.google_networks.google_compute_subnetwork.management-subnetwork"
          ]
        }
      ]
    },
    {
      "module": "module.google_networks",
      "mode": "managed",
      "type": "google_compute_router_nat",
      "name": "nat",
      "provider": "provider[\"registry.terraform.io/hashicorp/google\"]",
      "instances": [
        {
          "schema_version": 0,
          "attributes": {
            "drain_nat_ips": null,
            "enable_dynamic_port_allocation": false,
            "enable_endpoint_independent_mapping": true,
            "icmp_idle_timeout_sec": 30,
            "id": "mostafa-ashour-project/us-central1/router/nat",
            "log_config": [],
            "max_ports_per_vm": 0,
            "min_ports_per_vm": 0,
            "name": "nat",
            "nat_ip_allocate_option": "AUTO_ONLY",
            "nat_ips": null,
            "project": "mostafa-ashour-project",
            "region": "us-central1",
            "router": "router",
            "rules": [],
            "source_subnetwork_ip_ranges_to_nat": "ALL_SUBNETWORKS_ALL_IP_RANGES",
            "subnetwork": [],
            "tcp_established_idle_timeout_sec": 1200,
            "tcp_transitory_idle_timeout_sec": 30,
            "timeouts": null,
            "udp_idle_timeout_sec": 30
          },
          "sensitive_attributes": [],
          "private": "eyJlMmJmYjczMC1lY2FhLTExZTYtOGY4OC0zNDM2M2JjN2M0YzAiOnsiY3JlYXRlIjoxMjAwMDAwMDAwMDAwLCJkZWxldGUiOjEyMDAwMDAwMDAwMDAsInVwZGF0ZSI6MTIwMDAwMDAwMDAwMH19",
          "dependencies": [
            "module.google_networks.google_compute_network.main",
            "module.google_networks.google_compute_router.router",
            "module.google_networks.google_compute_subnetwork.management-subnetwork"
          ]
        }
      ]
    },
    {
      "module": "module.google_networks",
      "mode": "managed",
      "type": "google_compute_subnetwork",
      "name": "management-subnetwork",
      "provider": "provider[\"registry.terraform.io/hashicorp/google\"]",
      "instances": [
        {
          "schema_version": 0,
          "attributes": {
            "creation_timestamp": "2022-10-31T14:39:22.786-07:00",
            "description": "",
            "external_ipv6_prefix": "",
            "fingerprint": null,
            "gateway_address": "10.2.0.1",
            "id": "projects/mostafa-ashour-project/regions/us-central1/subnetworks/management-subnetwork",
            "ip_cidr_range": "10.2.0.0/16",
            "ipv6_access_type": "",
            "ipv6_cidr_range": "",
            "log_config": [],
            "name": "management-subnetwork",
            "network": "https://www.googleapis.com/compute/v1/projects/mostafa-ashour-project/global/networks/kubernetes-cluster",
            "private_ip_google_access": true,
            "private_ipv6_google_access": "DISABLE_GOOGLE_ACCESS",
            "project": "mostafa-ashour-project",
            "purpose": "PRIVATE",
            "region": "us-central1",
            "role": "",
            "secondary_ip_range": [],
            "self_link": "https://www.googleapis.com/compute/v1/projects/mostafa-ashour-project/regions/us-central1/subnetworks/management-subnetwork",
            "stack_type": "IPV4_ONLY",
            "timeouts": null
          },
          "sensitive_attributes": [],
          "private": "eyJlMmJmYjczMC1lY2FhLTExZTYtOGY4OC0zNDM2M2JjN2M0YzAiOnsiY3JlYXRlIjoxMjAwMDAwMDAwMDAwLCJkZWxldGUiOjEyMDAwMDAwMDAwMDAsInVwZGF0ZSI6MTIwMDAwMDAwMDAwMH19",
          "dependencies": [
            "module.google_networks.google_compute_network.main"
          ]
        }
      ]
    },
    {
      "module": "module.google_networks",
      "mode": "managed",
      "type": "google_compute_subnetwork",
      "name": "private",
      "provider": "provider[\"registry.terraform.io/hashicorp/google\"]",
      "instances": [
        {
          "schema_version": 0,
          "attributes": {
            "creation_timestamp": "2022-10-31T14:39:22.907-07:00",
            "description": "",
            "external_ipv6_prefix": "",
            "fingerprint": null,
            "gateway_address": "10.0.0.1",
            "id": "projects/mostafa-ashour-project/regions/us-central1/subnetworks/restricted-subnet",
            "ip_cidr_range": "10.0.0.0/16",
            "ipv6_access_type": "",
            "ipv6_cidr_range": "",
            "log_config": [],
            "name": "restricted-subnet",
            "network": "https://www.googleapis.com/compute/v1/projects/mostafa-ashour-project/global/networks/kubernetes-cluster",
            "private_ip_google_access": true,
            "private_ipv6_google_access": "DISABLE_GOOGLE_ACCESS",
            "project": "mostafa-ashour-project",
            "purpose": "PRIVATE",
            "region": "us-central1",
            "role": "",
            "secondary_ip_range": [
              {
                "ip_cidr_range": "10.48.0.0/14",
                "range_name": "k8s-pod-range"
              },
              {
                "ip_cidr_range": "10.52.0.0/20",
                "range_name": "k8s-service-range"
              }
            ],
            "self_link": "https://www.googleapis.com/compute/v1/projects/mostafa-ashour-project/regions/us-central1/subnetworks/restricted-subnet",
            "stack_type": "IPV4_ONLY",
            "timeouts": null
          },
          "sensitive_attributes": [],
          "private": "eyJlMmJmYjczMC1lY2FhLTExZTYtOGY4OC0zNDM2M2JjN2M0YzAiOnsiY3JlYXRlIjoxMjAwMDAwMDAwMDAwLCJkZWxldGUiOjEyMDAwMDAwMDAwMDAsInVwZGF0ZSI6MTIwMDAwMDAwMDAwMH19",
          "dependencies": [
            "module.google_networks.google_compute_network.main"
          ]
        }
      ]
    }
  ],
  "check_results": []
}
